
Microsoft Visual Studio Solution File, Format Version 12.00
# Visual Studio Version 16
VisualStudioVersion = 16.0.30104.148
MinimumVisualStudioVersion = 10.0.40219.1
Project("{8BC9CEB8-8B4A-11D0-8D11-00A0C91BC942}") = "CS300Final", "CS300Final\CS300Final.vcxproj", "{D344A51B-F4B9-4E5C-BF66-F88CF3F8F19D}"
EndProject
Global
	GlobalSection(SolutionConfigurationPlatforms) = preSolution
		Debug|x64 = Debug|x64
		Debug|x86 = Debug|x86
		Release|x64 = Release|x64
		Release|x86 = Release|x86
	EndGlobalSection
	GlobalSection(ProjectConfigurationPlatforms) = postSolution
		{D344A51B-F4B9-4E5C-BF66-F88CF3F8F19D}.Debug|x64.ActiveCfg = Debug|x64
		{D344A51B-F4B9-4E5C-BF66-F88CF3F8F19D}.Debug|x64.Build.0 = Debug|x64
		{D344A51B-F4B9-4E5C-BF66-F88CF3F8F19D}.Debug|x86.ActiveCfg = Debug|Win32
		{D344A51B-F4B9-4E5C-BF66-F88CF3F8F19D}.Debug|x86.Build.0 = Debug|Win32
		{D344A51B-F4B9-4E5C-BF66-F88CF3F8F19D}.Release|x64.ActiveCfg = Release|x64
		{D344A51B-F4B9-4E5C-BF66-F88CF3F8F19D}.Release|x64.Build.0 = Release|x64
		{D344A51B-F4B9-4E5C-BF66-F88CF3F8F19D}.Release|x86.ActiveCfg = Release|Win32
		{D344A51B-F4B9-4E5C-BF66-F88CF3F8F19D}.Release|x86.Build.0 = Release|Win32
	EndGlobalSection
	GlobalSection(SolutionProperties) = preSolution
		HideSolutionNode = FALSE
	EndGlobalSection
	GlobalSection(ExtensibilityGlobals) = postSolution
		SolutionGuid = {AF851574-C4AE-477D-84DE-5EEEBDCDA29F}
	EndGlobalSection
EndGlobal
